// !$*UTF8*$!
{
	archiveVersion = 1;
	classes = {
	};
	objectVersion = 56;
	objects = {

/* Begin PBXBuildFile section */
		AD3644917375A381C5E1BC83 /* Pods_leafChat.framework in Frameworks */ = {isa = PBXBuildFile; fileRef = 6B3F3E324E81D4BD2D2BDFF4 /* Pods_leafChat.framework */; };
		D242B1902B42E1CD00A67C4E /* GoogleService-Info.plist in Resources */ = {isa = PBXBuildFile; fileRef = D242B18F2B42E1CD00A67C4E /* GoogleService-Info.plist */; };
		D242B1922B42E1E400A67C4E /* GoogleService-Info.plist in Resources */ = {isa = PBXBuildFile; fileRef = D242B1912B42E1E400A67C4E /* GoogleService-Info.plist */; };
		D242B1942B44423900A67C4E /* AuthHelper.swift in Sources */ = {isa = PBXBuildFile; fileRef = D242B1932B44423900A67C4E /* AuthHelper.swift */; };
		D242B1962B44473700A67C4E /* CreateAccountView.swift in Sources */ = {isa = PBXBuildFile; fileRef = D242B1952B44473700A67C4E /* CreateAccountView.swift */; };
		D242B1982B45517B00A67C4E /* LoginView.swift in Sources */ = {isa = PBXBuildFile; fileRef = D242B1972B45517B00A67C4E /* LoginView.swift */; };
		D242B19A2B45625500A67C4E /* DatabaseHelper.swift in Sources */ = {isa = PBXBuildFile; fileRef = D242B1992B45625500A67C4E /* DatabaseHelper.swift */; };
		D29F92B82B42BFA6007916F5 /* AppDelegate.swift in Sources */ = {isa = PBXBuildFile; fileRef = D29F92B72B42BFA6007916F5 /* AppDelegate.swift */; };
		D29F92BA2B42BFA6007916F5 /* SceneDelegate.swift in Sources */ = {isa = PBXBuildFile; fileRef = D29F92B92B42BFA6007916F5 /* SceneDelegate.swift */; };
		D29F92BC2B42BFA6007916F5 /* ViewController.swift in Sources */ = {isa = PBXBuildFile; fileRef = D29F92BB2B42BFA6007916F5 /* ViewController.swift */; };
		D29F92BF2B42BFA6007916F5 /* Main.storyboard in Resources */ = {isa = PBXBuildFile; fileRef = D29F92BD2B42BFA6007916F5 /* Main.storyboard */; };
		D29F92C12B42BFA7007916F5 /* Assets.xcassets in Resources */ = {isa = PBXBuildFile; fileRef = D29F92C02B42BFA7007916F5 /* Assets.xcassets */; };
		D29F92C42B42BFA7007916F5 /* LaunchScreen.storyboard in Resources */ = {isa = PBXBuildFile; fileRef = D29F92C22B42BFA7007916F5 /* LaunchScreen.storyboard */; };
/* End PBXBuildFile section */

/* Begin PBXFileReference section */
		0EA00BC0ED73D432127767C9 /* Pods-leafChat.release.xcconfig */ = {isa = PBXFileReference; includeInIndex = 1; lastKnownFileType = text.xcconfig; name = "Pods-leafChat.release.xcconfig"; path = "Target Support Files/Pods-leafChat/Pods-leafChat.release.xcconfig"; sourceTree = "<group>"; };
		248115D4576F09AF066FFC5C /* Pods-leafChat.debug.xcconfig */ = {isa = PBXFileReference; includeInIndex = 1; lastKnownFileType = text.xcconfig; name = "Pods-leafChat.debug.xcconfig"; path = "Target Support Files/Pods-leafChat/Pods-leafChat.debug.xcconfig"; sourceTree = "<group>"; };
		6B3F3E324E81D4BD2D2BDFF4 /* Pods_leafChat.framework */ = {isa = PBXFileReference; explicitFileType = wrapper.framework; includeInIndex = 0; path = Pods_leafChat.framework; sourceTree = BUILT_PRODUCTS_DIR; };
		D242B18F2B42E1CD00A67C4E /* GoogleService-Info.plist */ = {isa = PBXFileReference; fileEncoding = 4; lastKnownFileType = text.plist.xml; path = "GoogleService-Info.plist"; sourceTree = "<group>"; };
		D242B1912B42E1E400A67C4E /* GoogleService-Info.plist */ = {isa = PBXFileReference; fileEncoding = 4; lastKnownFileType = text.plist.xml; path = "GoogleService-Info.plist"; sourceTree = "<group>"; };
		D242B1932B44423900A67C4E /* AuthHelper.swift */ = {isa = PBXFileReference; lastKnownFileType = sourcecode.swift; path = AuthHelper.swift; sourceTree = "<group>"; };
		D242B1952B44473700A67C4E /* CreateAccountView.swift */ = {isa = PBXFileReference; lastKnownFileType = sourcecode.swift; path = CreateAccountView.swift; sourceTree = "<group>"; };
		D242B1972B45517B00A67C4E /* LoginView.swift */ = {isa = PBXFileReference; lastKnownFileType = sourcecode.swift; path = LoginView.swift; sourceTree = "<group>"; };
		D242B1992B45625500A67C4E /* DatabaseHelper.swift */ = {isa = PBXFileReference; lastKnownFileType = sourcecode.swift; path = DatabaseHelper.swift; sourceTree = "<group>"; };
		D29F92B42B42BFA6007916F5 /* leafChat.app */ = {isa = PBXFileReference; explicitFileType = wrapper.application; includeInIndex = 0; path = leafChat.app; sourceTree = BUILT_PRODUCTS_DIR; };
		D29F92B72B42BFA6007916F5 /* AppDelegate.swift */ = {isa = PBXFileReference; lastKnownFileType = sourcecode.swift; path = AppDelegate.swift; sourceTree = "<group>"; };
		D29F92B92B42BFA6007916F5 /* SceneDelegate.swift */ = {isa = PBXFileReference; lastKnownFileType = sourcecode.swift; path = SceneDelegate.swift; sourceTree = "<group>"; };
		D29F92BB2B42BFA6007916F5 /* ViewController.swift */ = {isa = PBXFileReference; lastKnownFileType = sourcecode.swift; path = ViewController.swift; sourceTree = "<group>"; };
		D29F92BE2B42BFA6007916F5 /* Base */ = {isa = PBXFileReference; lastKnownFileType = file.storyboard; name = Base; path = Base.lproj/Main.storyboard; sourceTree = "<group>"; };
		D29F92C02B42BFA7007916F5 /* Assets.xcassets */ = {isa = PBXFileReference; lastKnownFileType = folder.assetcatalog; path = Assets.xcassets; sourceTree = "<group>"; };
		D29F92C32B42BFA7007916F5 /* Base */ = {isa = PBXFileReference; lastKnownFileType = file.storyboard; name = Base; path = Base.lproj/LaunchScreen.storyboard; sourceTree = "<group>"; };
		D29F92C52B42BFA7007916F5 /* Info.plist */ = {isa = PBXFileReference; lastKnownFileType = text.plist.xml; path = Info.plist; sourceTree = "<group>"; };
/* End PBXFileReference section */

/* Begin PBXFrameworksBuildPhase section */
		D29F92B12B42BFA6007916F5 /* Frameworks */ = {
			isa = PBXFrameworksBuildPhase;
			buildActionMask = 2147483647;
			files = (
				AD3644917375A381C5E1BC83 /* Pods_leafChat.framework in Frameworks */,
			);
			runOnlyForDeploymentPostprocessing = 0;
		};
/* End PBXFrameworksBuildPhase section */

/* Begin PBXGroup section */
		637E3F26564989BC5CDEF7CD /* Frameworks */ = {
			isa = PBXGroup;
			children = (
				6B3F3E324E81D4BD2D2BDFF4 /* Pods_leafChat.framework */,
			);
			name = Frameworks;
			sourceTree = "<group>";
		};
		D29F92AB2B42BFA6007916F5 = {
			isa = PBXGroup;
			children = (
				D29F92B62B42BFA6007916F5 /* leafChat */,
				D29F92B52B42BFA6007916F5 /* Products */,
				E489C61D57AD830CC4E026A7 /* Pods */,
				637E3F26564989BC5CDEF7CD /* Frameworks */,
			);
			sourceTree = "<group>";
		};
		D29F92B52B42BFA6007916F5 /* Products */ = {
			isa = PBXGroup;
			children = (
				D29F92B42B42BFA6007916F5 /* leafChat.app */,
			);
			name = Products;
			sourceTree = "<group>";
		};
		D29F92B62B42BFA6007916F5 /* leafChat */ = {
			isa = PBXGroup;
			children = (
				D29F92B72B42BFA6007916F5 /* AppDelegate.swift */,
				D29F92B92B42BFA6007916F5 /* SceneDelegate.swift */,
				D29F92BB2B42BFA6007916F5 /* ViewController.swift */,
				D29F92BD2B42BFA6007916F5 /* Main.storyboard */,
				D29F92C02B42BFA7007916F5 /* Assets.xcassets */,
				D29F92C22B42BFA7007916F5 /* LaunchScreen.storyboard */,
				D29F92C52B42BFA7007916F5 /* Info.plist */,
				D242B1912B42E1E400A67C4E /* GoogleService-Info.plist */,
				D242B18F2B42E1CD00A67C4E /* GoogleService-Info.plist */,
				D242B1932B44423900A67C4E /* AuthHelper.swift */,
				D242B1952B44473700A67C4E /* CreateAccountView.swift */,
				D242B1972B45517B00A67C4E /* LoginView.swift */,
				D242B1992B45625500A67C4E /* DatabaseHelper.swift */,
			);
			path = leafChat;
			sourceTree = "<group>";
		};
		E489C61D57AD830CC4E026A7 /* Pods */ = {
			isa = PBXGroup;
			children = (
				248115D4576F09AF066FFC5C /* Pods-leafChat.debug.xcconfig */,
				0EA00BC0ED73D432127767C9 /* Pods-leafChat.release.xcconfig */,
			);
			path = Pods;
			sourceTree = "<group>";
		};
/* End PBXGroup section */

/* Begin PBXNativeTarget section */
		D29F92B32B42BFA6007916F5 /* leafChat */ = {
			isa = PBXNativeTarget;
			buildConfigurationList = D29F92C82B42BFA7007916F5 /* Build configuration list for PBXNativeTarget "leafChat" */;
			buildPhases = (
				92638C82C1926CED8E06D9D8 /* [CP] Check Pods Manifest.lock */,
				D29F92B02B42BFA6007916F5 /* Sources */,
				D29F92B12B42BFA6007916F5 /* Frameworks */,
				D29F92B22B42BFA6007916F5 /* Resources */,
				FD62E434DD1A846403B1E797 /* [CP] Embed Pods Frameworks */,
			);
			buildRules = (
			);
			dependencies = (
			);
			name = leafChat;
			productName = leafChat;
			productReference = D29F92B42B42BFA6007916F5 /* leafChat.app */;
			productType = "com.apple.product-type.application";
		};
/* End PBXNativeTarget section */

/* Begin PBXProject section */
		D29F92AC2B42BFA6007916F5 /* Project object */ = {
			isa = PBXProject;
			attributes = {
				BuildIndependentTargetsInParallel = 1;
				LastSwiftUpdateCheck = 1510;
				LastUpgradeCheck = 1510;
				TargetAttributes = {
					D29F92B32B42BFA6007916F5 = {
						CreatedOnToolsVersion = 15.1;
					};
				};
			};
			buildConfigurationList = D29F92AF2B42BFA6007916F5 /* Build configuration list for PBXProject "leafChat" */;
			compatibilityVersion = "Xcode 14.0";
			developmentRegion = en;
			hasScannedForEncodings = 0;
			knownRegions = (
				en,
				Base,
			);
			mainGroup = D29F92AB2B42BFA6007916F5;
			productRefGroup = D29F92B52B42BFA6007916F5 /* Products */;
			projectDirPath = "";
			projectRoot = "";
			targets = (
				D29F92B32B42BFA6007916F5 /* leafChat */,
			);
		};
/* End PBXProject section */

/* Begin PBXResourcesBuildPhase section */
		D29F92B22B42BFA6007916F5 /* Resources */ = {
			isa = PBXResourcesBuildPhase;
			buildActionMask = 2147483647;
			files = (
				D29F92C42B42BFA7007916F5 /* LaunchScreen.storyboard in Resources */,
				D242B1902B42E1CD00A67C4E /* GoogleService-Info.plist in Resources */,
				D242B1922B42E1E400A67C4E /* GoogleService-Info.plist in Resources */,
				D29F92C12B42BFA7007916F5 /* Assets.xcassets in Resources */,
				D29F92BF2B42BFA6007916F5 /* Main.storyboard in Resources */,
			);
			runOnlyForDeploymentPostprocessing = 0;
		};
/* End PBXResourcesBuildPhase section */

/* Begin PBXShellScriptBuildPhase section */
		92638C82C1926CED8E06D9D8 /* [CP] Check Pods Manifest.lock */ = {
			isa = PBXShellScriptBuildPhase;
			buildActionMask = 2147483647;
			files = (
			);
			inputFileListPaths = (
			);
			inputPaths = (
				"${PODS_PODFILE_DIR_PATH}/Podfile.lock",
				"${PODS_ROOT}/Manifest.lock",
			);
			name = "[CP] Check Pods Manifest.lock";
			outputFileListPaths = (
			);
			outputPaths = (
				"$(DERIVED_FILE_DIR)/Pods-leafChat-checkManifestLockResult.txt",
			);
			runOnlyForDeploymentPostprocessing = 0;
			shellPath = /bin/sh;
			shellScript = "diff \"${PODS_PODFILE_DIR_PATH}/Podfile.lock\" \"${PODS_ROOT}/Manifest.lock\" > /dev/null\nif [ $? != 0 ] ; then\n    # print error to STDERR\n    echo \"error: The sandbox is not in sync with the Podfile.lock. Run 'pod install' or update your CocoaPods installation.\" >&2\n    exit 1\nfi\n# This output is used by Xcode 'outputs' to avoid re-running this script phase.\necho \"SUCCESS\" > \"${SCRIPT_OUTPUT_FILE_0}\"\n";
			showEnvVarsInLog = 0;
		};
		FD62E434DD1A846403B1E797 /* [CP] Embed Pods Frameworks */ = {
			isa = PBXShellScriptBuildPhase;
			buildActionMask = 2147483647;
			files = (
			);
			inputFileListPaths = (
				"${PODS_ROOT}/Target Support Files/Pods-leafChat/Pods-leafChat-frameworks-${CONFIGURATION}-input-files.xcfilelist",
			);
			name = "[CP] Embed Pods Frameworks";
			outputFileListPaths = (
				"${PODS_ROOT}/Target Support Files/Pods-leafChat/Pods-leafChat-frameworks-${CONFIGURATION}-output-files.xcfilelist",
			);
			runOnlyForDeploymentPostprocessing = 0;
			shellPath = /bin/sh;
			shellScript = "\"${PODS_ROOT}/Target Support Files/Pods-leafChat/Pods-leafChat-frameworks.sh\"\n";
			showEnvVarsInLog = 0;
		};
/* End PBXShellScriptBuildPhase section */

/* Begin PBXSourcesBuildPhase section */
		D29F92B02B42BFA6007916F5 /* Sources */ = {
			isa = PBXSourcesBuildPhase;
			buildActionMask = 2147483647;
			files = (
				D242B1982B45517B00A67C4E /* LoginView.swift in Sources */,
				D29F92BC2B42BFA6007916F5 /* ViewController.swift in Sources */,
				D242B1942B44423900A67C4E /* AuthHelper.swift in Sources */,
				D242B19A2B45625500A67C4E /* DatabaseHelper.swift in Sources */,
				D29F92B82B42BFA6007916F5 /* AppDelegate.swift in Sources */,
				D29F92BA2B42BFA6007916F5 /* SceneDelegate.swift in Sources */,
				D242B1962B44473700A67C4E /* CreateAccountView.swift in Sources */,
			);
			runOnlyForDeploymentPostprocessing = 0;
		};
/* End PBXSourcesBuildPhase section */

/* Begin PBXVariantGroup section */
		D29F92BD2B42BFA6007916F5 /* Main.storyboard */ = {
			isa = PBXVariantGroup;
			children = (
				D29F92BE2B42BFA6007916F5 /* Base */,
			);
			name = Main.storyboard;
			sourceTree = "<group>";
		};
		D29F92C22B42BFA7007916F5 /* LaunchScreen.storyboard */ = {
			isa = PBXVariantGroup;
			children = (
				D29F92C32B42BFA7007916F5 /* Base */,
			);
			name = LaunchScreen.storyboard;
			sourceTree = "<group>";
		};
/* End PBXVariantGroup section */

/* Begin XCBuildConfiguration section */
		D29F92C62B42BFA7007916F5 /* Debug */ = {
			isa = XCBuildConfiguration;
			buildSettings = {
				ALWAYS_SEARCH_USER_PATHS = NO;
				ASSETCATALOG_COMPILER_GENERATE_SWIFT_ASSET_SYMBOL_EXTENSIONS = YES;
				CLANG_ANALYZER_NONNULL = YES;
				CLANG_ANALYZER_NUMBER_OBJECT_CONVERSION = YES_AGGRESSIVE;
				CLANG_CXX_LANGUAGE_STANDARD = "gnu++20";
				CLANG_ENABLE_MODULES = YES;
				CLANG_ENABLE_OBJC_ARC = YES;
				CLANG_ENABLE_OBJC_WEAK = YES;
				CLANG_WARN_BLOCK_CAPTURE_AUTORELEASING = YES;
				CLANG_WARN_BOOL_CONVERSION = YES;
				CLANG_WARN_COMMA = YES;
				CLANG_WARN_CONSTANT_CONVERSION = YES;
				CLANG_WARN_DEPRECATED_OBJC_IMPLEMENTATIONS = YES;
				CLANG_WARN_DIRECT_OBJC_ISA_USAGE = YES_ERROR;
				CLANG_WARN_DOCUMENTATION_COMMENTS = YES;
				CLANG_WARN_EMPTY_BODY = YES;
				CLANG_WARN_ENUM_CONVERSION = YES;
				CLANG_WARN_INFINITE_RECURSION = YES;
				CLANG_WARN_INT_CONVERSION = YES;
				CLANG_WARN_NON_LITERAL_NULL_CONVERSION = YES;
				CLANG_WARN_OBJC_IMPLICIT_RETAIN_SELF = YES;
				CLANG_WARN_OBJC_LITERAL_CONVERSION = YES;
				CLANG_WARN_OBJC_ROOT_CLASS = YES_ERROR;
				CLANG_WARN_QUOTED_INCLUDE_IN_FRAMEWORK_HEADER = YES;
				CLANG_WARN_RANGE_LOOP_ANALYSIS = YES;
				CLANG_WARN_STRICT_PROTOTYPES = YES;
				CLANG_WARN_SUSPICIOUS_MOVE = YES;
				CLANG_WARN_UNGUARDED_AVAILABILITY = YES_AGGRESSIVE;
				CLANG_WARN_UNREACHABLE_CODE = YES;
				CLANG_WARN__DUPLICATE_METHOD_MATCH = YES;
				COPY_PHASE_STRIP = NO;
				DEBUG_INFORMATION_FORMAT = dwarf;
				ENABLE_STRICT_OBJC_MSGSEND = YES;
				ENABLE_TESTABILITY = YES;
				ENABLE_USER_SCRIPT_SANDBOXING = NO;
				GCC_C_LANGUAGE_STANDARD = gnu17;
				GCC_DYNAMIC_NO_PIC = NO;
				GCC_NO_COMMON_BLOCKS = YES;
				GCC_OPTIMIZATION_LEVEL = 0;
				GCC_PREPROCESSOR_DEFINITIONS = (
					"DEBUG=1",
					"$(inherited)",
				);
				GCC_WARN_64_TO_32_BIT_CONVERSION = YES;
				GCC_WARN_ABOUT_RETURN_TYPE = YES_ERROR;
				GCC_WARN_UNDECLARED_SELECTOR = YES;
				GCC_WARN_UNINITIALIZED_AUTOS = YES_AGGRESSIVE;
				GCC_WARN_UNUSED_FUNCTION = YES;
				GCC_WARN_UNUSED_VARIABLE = YES;
				IPHONEOS_DEPLOYMENT_TARGET = 17.2;
				LOCALIZATION_PREFERS_STRING_CATALOGS = YES;
				MTL_ENABLE_DEBUG_INFO = INCLUDE_SOURCE;
				MTL_FAST_MATH = YES;
				ONLY_ACTIVE_ARCH = YES;
				SDKROOT = iphoneos;
				SWIFT_ACTIVE_COMPILATION_CONDITIONS = "DEBUG $(inherited)";
				SWIFT_OPTIMIZATION_LEVEL = "-Onone";
			};
			name = Debug;
		};
		D29F92C72B42BFA7007916F5 /* Release */ = {
			isa = XCBuildConfiguration;
			buildSettings = {
				ALWAYS_SEARCH_USER_PATHS = NO;
				ASSETCATALOG_COMPILER_GENERATE_SWIFT_ASSET_SYMBOL_EXTENSIONS = YES;
				CLANG_ANALYZER_NONNULL = YES;
				CLANG_ANALYZER_NUMBER_OBJECT_CONVERSION = YES_AGGRESSIVE;
				CLANG_CXX_LANGUAGE_STANDARD = "gnu++20";
				CLANG_ENABLE_MODULES = YES;
				CLANG_ENABLE_OBJC_ARC = YES;
				CLANG_ENABLE_OBJC_WEAK = YES;
				CLANG_WARN_BLOCK_CAPTURE_AUTORELEASING = YES;
				CLANG_WARN_BOOL_CONVERSION = YES;
				CLANG_WARN_COMMA = YES;
				CLANG_WARN_CONSTANT_CONVERSION = YES;
				CLANG_WARN_DEPRECATED_OBJC_IMPLEMENTATIONS = YES;
				CLANG_WARN_DIRECT_OBJC_ISA_USAGE = YES_ERROR;
				CLANG_WARN_DOCUMENTATION_COMMENTS = YES;
				CLANG_WARN_EMPTY_BODY = YES;
				CLANG_WARN_ENUM_CONVERSION = YES;
				CLANG_WARN_INFINITE_RECURSION = YES;
				CLANG_WARN_INT_CONVERSION = YES;
				CLANG_WARN_NON_LITERAL_NULL_CONVERSION = YES;
				CLANG_WARN_OBJC_IMPLICIT_RETAIN_SELF = YES;
				CLANG_WARN_OBJC_LITERAL_CONVERSION = YES;
				CLANG_WARN_OBJC_ROOT_CLASS = YES_ERROR;
				CLANG_WARN_QUOTED_INCLUDE_IN_FRAMEWORK_HEADER = YES;
				CLANG_WARN_RANGE_LOOP_ANALYSIS = YES;
				CLANG_WARN_STRICT_PROTOTYPES = YES;
				CLANG_WARN_SUSPICIOUS_MOVE = YES;
				CLANG_WARN_UNGUARDED_AVAILABILITY = YES_AGGRESSIVE;
				CLANG_WARN_UNREACHABLE_CODE = YES;
				CLANG_WARN__DUPLICATE_METHOD_MATCH = YES;
				COPY_PHASE_STRIP = NO;
				DEBUG_INFORMATION_FORMAT = "dwarf-with-dsym";
				ENABLE_NS_ASSERTIONS = NO;
				ENABLE_STRICT_OBJC_MSGSEND = YES;
				ENABLE_USER_SCRIPT_SANDBOXING = NO;
				GCC_C_LANGUAGE_STANDARD = gnu17;
				GCC_NO_COMMON_BLOCKS = YES;
				GCC_WARN_64_TO_32_BIT_CONVERSION = YES;
				GCC_WARN_ABOUT_RETURN_TYPE = YES_ERROR;
				GCC_WARN_UNDECLARED_SELECTOR = YES;
				GCC_WARN_UNINITIALIZED_AUTOS = YES_AGGRESSIVE;
				GCC_WARN_UNUSED_FUNCTION = YES;
				GCC_WARN_UNUSED_VARIABLE = YES;
				IPHONEOS_DEPLOYMENT_TARGET = 17.2;
				LOCALIZATION_PREFERS_STRING_CATALOGS = YES;
				MTL_ENABLE_DEBUG_INFO = NO;
				MTL_FAST_MATH = YES;
				SDKROOT = iphoneos;
				SWIFT_COMPILATION_MODE = wholemodule;
				VALIDATE_PRODUCT = YES;
			};
			name = Release;
		};
		D29F92C92B42BFA7007916F5 /* Debug */ = {
			isa = XCBuildConfiguration;
			baseConfigurationReference = 248115D4576F09AF066FFC5C /* Pods-leafChat.debug.xcconfig */;
			buildSettings = {
				ASSETCATALOG_COMPILER_APPICON_NAME = AppIcon;
				ASSETCATALOG_COMPILER_GLOBAL_ACCENT_COLOR_NAME = AccentColor;
				CODE_SIGN_STYLE = Automatic;
				CURRENT_PROJECT_VERSION = 1;
				DEVELOPMENT_TEAM = 2TRJS8FF65;
				GENERATE_INFOPLIST_FILE = YES;
				INFOPLIST_FILE = leafChat/Info.plist;
				INFOPLIST_KEY_UIApplicationSupportsIndirectInputEvents = YES;
				INFOPLIST_KEY_UILaunchStoryboardName = LaunchScreen;
				INFOPLIST_KEY_UIMainStoryboardFile = Main;
				INFOPLIST_KEY_UISupportedInterfaceOrientations_iPad = "UIInterfaceOrientationPortrait UIInterfaceOrientationPortraitUpsideDown UIInterfaceOrientationLandscapeLeft UIInterfaceOrientationLandscapeRight";
				INFOPLIST_KEY_UISupportedInterfaceOrientations_iPhone = "UIInterfaceOrientationPortrait UIInterfaceOrientationLandscapeLeft UIInterfaceOrientationLandscapeRight";
				LD_RUNPATH_SEARCH_PATHS = (
					"$(inherited)",
					"@executable_path/Frameworks",
				);
				MARKETING_VERSION = 1.0;
				PRODUCT_BUNDLE_IDENTIFIER = com.Aki.dev.leafChat;
				PRODUCT_NAME = "$(TARGET_NAME)";
				SWIFT_EMIT_LOC_STRINGS = YES;
				SWIFT_VERSION = 5.0;
				TARGETED_DEVICE_FAMILY = "1,2";
			};
			name = Debug;
		};
		D29F92CA2B42BFA7007916F5 /* Release */ = {
			isa = XCBuildConfiguration;
			baseConfigurationReference = 0EA00BC0ED73D432127767C9 /* Pods-leafChat.release.xcconfig */;
			buildSettings = {
				ASSETCATALOG_COMPILER_APPICON_NAME = AppIcon;
				ASSETCATALOG_COMPILER_GLOBAL_ACCENT_COLOR_NAME = AccentColor;
				CODE_SIGN_STYLE = Automatic;
				CURRENT_PROJECT_VERSION = 1;
				DEVELOPMENT_TEAM = 2TRJS8FF65;
				GENERATE_INFOPLIST_FILE = YES;
				INFOPLIST_FILE = leafChat/Info.plist;
				INFOPLIST_KEY_UIApplicationSupportsIndirectInputEvents = YES;
				INFOPLIST_KEY_UILaunchStoryboardName = LaunchScreen;
				INFOPLIST_KEY_UIMainStoryboardFile = Main;
				INFOPLIST_KEY_UISupportedInterfaceOrientations_iPad = "UIInterfaceOrientationPortrait UIInterfaceOrientationPortraitUpsideDown UIInterfaceOrientationLandscapeLeft UIInterfaceOrientationLandscapeRight";
				INFOPLIST_KEY_UISupportedInterfaceOrientations_iPhone = "UIInterfaceOrientationPortrait UIInterfaceOrientationLandscapeLeft UIInterfaceOrientationLandscapeRight";
				LD_RUNPATH_SEARCH_PATHS = (
					"$(inherited)",
					"@executable_path/Frameworks",
				);
				MARKETING_VERSION = 1.0;
				PRODUCT_BUNDLE_IDENTIFIER = com.Aki.dev.leafChat;
				PRODUCT_NAME = "$(TARGET_NAME)";
				SWIFT_EMIT_LOC_STRINGS = YES;
				SWIFT_VERSION = 5.0;
				TARGETED_DEVICE_FAMILY = "1,2";
			};
			name = Release;
		};
/* End XCBuildConfiguration section */

/* Begin XCConfigurationList section */
		D29F92AF2B42BFA6007916F5 /* Build configuration list for PBXProject "leafChat" */ = {
			isa = XCConfigurationList;
			buildConfigurations = (
				D29F92C62B42BFA7007916F5 /* Debug */,
				D29F92C72B42BFA7007916F5 /* Release */,
			);
			defaultConfigurationIsVisible = 0;
			defaultConfigurationName = Release;
		};
		D29F92C82B42BFA7007916F5 /* Build configuration list for PBXNativeTarget "leafChat" */ = {
			isa = XCConfigurationList;
			buildConfigurations = (
				D29F92C92B42BFA7007916F5 /* Debug */,
				D29F92CA2B42BFA7007916F5 /* Release */,
			);
			defaultConfigurationIsVisible = 0;
			defaultConfigurationName = Release;
		};
/* End XCConfigurationList section */
	};
	rootObject = D29F92AC2B42BFA6007916F5 /* Project object */;
}
